
Microsoft Visual Studio Solution File, Format Version 12.00
# Visual Studio Version 16
VisualStudioVersion = 16.0.31205.134
MinimumVisualStudioVersion = 10.0.40219.1
Project("{F2A71F9B-5D33-465A-A702-920D77279786}") = "SqlFun", "SqlFun\SqlFun.fsproj", "{B89762F1-5025-4766-B1B8-F8F1CB1FD4D8}"
EndProject
Project("{F2A71F9B-5D33-465A-A702-920D77279786}") = "SqlFun.NpgSql", "SqlFun.NpgSql\SqlFun.NpgSql.fsproj", "{8127FFFB-5A24-49D5-AC31-E8AFAEEC72C1}"
EndProject
Project("{F2A71F9B-5D33-465A-A702-920D77279786}") = "SqlFun.Tests", "SqlFun.Tests\SqlFun.Tests.fsproj", "{194EA1BF-80F6-405C-8986-A4FEF7CDFAA3}"
EndProject
Project("{F2A71F9B-5D33-465A-A702-920D77279786}") = "SqlFun.NpgSql.Tests", "SqlFun.NpgSql.Tests\SqlFun.NpgSql.Tests.fsproj", "{36916A8B-57F1-45FD-A088-6862C07758A0}"
EndProject
Project("{6EC3EE1D-3C4E-46DD-8F32-0CC8E7565705}") = "SqlFun.NetStandard", "SqlFun.NetStandard\SqlFun.NetStandard.fsproj", "{6C28181A-90EA-4EC3-82EF-7F531B7A94A2}"
EndProject
Project("{6EC3EE1D-3C4E-46DD-8F32-0CC8E7565705}") = "SqlFun.NpgSql.NetStandard", "SqlFun.NpgSql.NetStandard\SqlFun.NpgSql.NetStandard.fsproj", "{77E4720B-E69B-49A8-B167-FE0A0735955E}"
EndProject
Project("{F2A71F9B-5D33-465A-A702-920D77279786}") = "SqlFun.Oracle.Tests", "SqlFun.Oracle.Tests\SqlFun.Oracle.Tests.fsproj", "{554DE11C-4C35-459F-9878-B7A93AA8FDA5}"
EndProject
Project("{F2A71F9B-5D33-465A-A702-920D77279786}") = "SqlFun.Oracle", "SqlFun.Oracle\SqlFun.Oracle.fsproj", "{B172625E-F4CB-4DC9-82B5-B81B67FCED00}"
EndProject
Project("{6EC3EE1D-3C4E-46DD-8F32-0CC8E7565705}") = "SqlFun.Oracle.NetStandard", "SqlFun.Oracle.NetStandard\SqlFun.Oracle.NetStandard.fsproj", "{60BD4DEF-5EC3-485B-8FAF-FD555290C705}"
EndProject
Project("{F2A71F9B-5D33-465A-A702-920D77279786}") = "SqlFun.Sqlite.Tests", "SqlFun.Sqlite.Tests\SqlFun.Sqlite.Tests.fsproj", "{55171F45-F5E8-4A15-B444-321EC6729FAD}"
EndProject
Project("{F2A71F9B-5D33-465A-A702-920D77279786}") = "SqlFun.MySql.Tests", "SqlFun.MySql.Tests\SqlFun.MySql.Tests.fsproj", "{8C544F2E-3DC8-426E-817A-39AC71349E8D}"
EndProject
Project("{F2A71F9B-5D33-465A-A702-920D77279786}") = "SqlFun.Performance.Tests", "SqlFun.Performance.Tests\SqlFun.Performance.Tests.fsproj", "{C2F9AA39-FCDC-4560-80FB-7A947811CB44}"
EndProject
Project("{F2A71F9B-5D33-465A-A702-920D77279786}") = "SqlFun.MsSql.NetStandard", "SqlFun.MsSql.NetStandard\SqlFun.MsSql.NetStandard.fsproj", "{0F7750E0-97BD-4F08-89DF-1806A01DC956}"
EndProject
Project("{F2A71F9B-5D33-465A-A702-920D77279786}") = "SqlFun.MsDataSql.NetStandard", "SqlFun.MsDataSql.NetStandard\SqlFun.MsDataSql.NetStandard.fsproj", "{00AFE926-6012-4D70-9E97-6F2AE6D8C233}"
EndProject
Global
	GlobalSection(SolutionConfigurationPlatforms) = preSolution
		Debug|Any CPU = Debug|Any CPU
		Release|Any CPU = Release|Any CPU
	EndGlobalSection
	GlobalSection(ProjectConfigurationPlatforms) = postSolution
		{B89762F1-5025-4766-B1B8-F8F1CB1FD4D8}.Debug|Any CPU.ActiveCfg = Debug|Any CPU
		{B89762F1-5025-4766-B1B8-F8F1CB1FD4D8}.Debug|Any CPU.Build.0 = Debug|Any CPU
		{B89762F1-5025-4766-B1B8-F8F1CB1FD4D8}.Release|Any CPU.ActiveCfg = Release|Any CPU
		{B89762F1-5025-4766-B1B8-F8F1CB1FD4D8}.Release|Any CPU.Build.0 = Release|Any CPU
		{8127FFFB-5A24-49D5-AC31-E8AFAEEC72C1}.Debug|Any CPU.ActiveCfg = Debug|Any CPU
		{8127FFFB-5A24-49D5-AC31-E8AFAEEC72C1}.Debug|Any CPU.Build.0 = Debug|Any CPU
		{8127FFFB-5A24-49D5-AC31-E8AFAEEC72C1}.Release|Any CPU.ActiveCfg = Release|Any CPU
		{8127FFFB-5A24-49D5-AC31-E8AFAEEC72C1}.Release|Any CPU.Build.0 = Release|Any CPU
		{194EA1BF-80F6-405C-8986-A4FEF7CDFAA3}.Debug|Any CPU.ActiveCfg = Debug|Any CPU
		{194EA1BF-80F6-405C-8986-A4FEF7CDFAA3}.Debug|Any CPU.Build.0 = Debug|Any CPU
		{194EA1BF-80F6-405C-8986-A4FEF7CDFAA3}.Release|Any CPU.ActiveCfg = Release|Any CPU
		{194EA1BF-80F6-405C-8986-A4FEF7CDFAA3}.Release|Any CPU.Build.0 = Release|Any CPU
		{36916A8B-57F1-45FD-A088-6862C07758A0}.Debug|Any CPU.ActiveCfg = Debug|Any CPU
		{36916A8B-57F1-45FD-A088-6862C07758A0}.Debug|Any CPU.Build.0 = Debug|Any CPU
		{36916A8B-57F1-45FD-A088-6862C07758A0}.Release|Any CPU.ActiveCfg = Release|Any CPU
		{36916A8B-57F1-45FD-A088-6862C07758A0}.Release|Any CPU.Build.0 = Release|Any CPU
		{6C28181A-90EA-4EC3-82EF-7F531B7A94A2}.Debug|Any CPU.ActiveCfg = Debug|Any CPU
		{6C28181A-90EA-4EC3-82EF-7F531B7A94A2}.Debug|Any CPU.Build.0 = Debug|Any CPU
		{6C28181A-90EA-4EC3-82EF-7F531B7A94A2}.Release|Any CPU.ActiveCfg = Release|Any CPU
		{6C28181A-90EA-4EC3-82EF-7F531B7A94A2}.Release|Any CPU.Build.0 = Release|Any CPU
		{77E4720B-E69B-49A8-B167-FE0A0735955E}.Debug|Any CPU.ActiveCfg = Debug|Any CPU
		{77E4720B-E69B-49A8-B167-FE0A0735955E}.Debug|Any CPU.Build.0 = Debug|Any CPU
		{77E4720B-E69B-49A8-B167-FE0A0735955E}.Release|Any CPU.ActiveCfg = Release|Any CPU
		{77E4720B-E69B-49A8-B167-FE0A0735955E}.Release|Any CPU.Build.0 = Release|Any CPU
		{554DE11C-4C35-459F-9878-B7A93AA8FDA5}.Debug|Any CPU.ActiveCfg = Debug|Any CPU
		{554DE11C-4C35-459F-9878-B7A93AA8FDA5}.Debug|Any CPU.Build.0 = Debug|Any CPU
		{554DE11C-4C35-459F-9878-B7A93AA8FDA5}.Release|Any CPU.ActiveCfg = Release|Any CPU
		{554DE11C-4C35-459F-9878-B7A93AA8FDA5}.Release|Any CPU.Build.0 = Release|Any CPU
		{B172625E-F4CB-4DC9-82B5-B81B67FCED00}.Debug|Any CPU.ActiveCfg = Debug|Any CPU
		{B172625E-F4CB-4DC9-82B5-B81B67FCED00}.Debug|Any CPU.Build.0 = Debug|Any CPU
		{B172625E-F4CB-4DC9-82B5-B81B67FCED00}.Release|Any CPU.ActiveCfg = Release|Any CPU
		{B172625E-F4CB-4DC9-82B5-B81B67FCED00}.Release|Any CPU.Build.0 = Release|Any CPU
		{60BD4DEF-5EC3-485B-8FAF-FD555290C705}.Debug|Any CPU.ActiveCfg = Debug|Any CPU
		{60BD4DEF-5EC3-485B-8FAF-FD555290C705}.Debug|Any CPU.Build.0 = Debug|Any CPU
		{60BD4DEF-5EC3-485B-8FAF-FD555290C705}.Release|Any CPU.ActiveCfg = Release|Any CPU
		{60BD4DEF-5EC3-485B-8FAF-FD555290C705}.Release|Any CPU.Build.0 = Release|Any CPU
		{55171F45-F5E8-4A15-B444-321EC6729FAD}.Debug|Any CPU.ActiveCfg = Debug|Any CPU
		{55171F45-F5E8-4A15-B444-321EC6729FAD}.Debug|Any CPU.Build.0 = Debug|Any CPU
		{55171F45-F5E8-4A15-B444-321EC6729FAD}.Release|Any CPU.ActiveCfg = Release|Any CPU
		{55171F45-F5E8-4A15-B444-321EC6729FAD}.Release|Any CPU.Build.0 = Release|Any CPU
		{8C544F2E-3DC8-426E-817A-39AC71349E8D}.Debug|Any CPU.ActiveCfg = Debug|Any CPU
		{8C544F2E-3DC8-426E-817A-39AC71349E8D}.Debug|Any CPU.Build.0 = Debug|Any CPU
		{8C544F2E-3DC8-426E-817A-39AC71349E8D}.Release|Any CPU.ActiveCfg = Release|Any CPU
		{8C544F2E-3DC8-426E-817A-39AC71349E8D}.Release|Any CPU.Build.0 = Release|Any CPU
		{C2F9AA39-FCDC-4560-80FB-7A947811CB44}.Debug|Any CPU.ActiveCfg = Debug|Any CPU
		{C2F9AA39-FCDC-4560-80FB-7A947811CB44}.Debug|Any CPU.Build.0 = Debug|Any CPU
		{C2F9AA39-FCDC-4560-80FB-7A947811CB44}.Release|Any CPU.ActiveCfg = Release|Any CPU
		{C2F9AA39-FCDC-4560-80FB-7A947811CB44}.Release|Any CPU.Build.0 = Release|Any CPU
		{0F7750E0-97BD-4F08-89DF-1806A01DC956}.Debug|Any CPU.ActiveCfg = Debug|Any CPU
		{0F7750E0-97BD-4F08-89DF-1806A01DC956}.Debug|Any CPU.Build.0 = Debug|Any CPU
		{0F7750E0-97BD-4F08-89DF-1806A01DC956}.Release|Any CPU.ActiveCfg = Release|Any CPU
		{0F7750E0-97BD-4F08-89DF-1806A01DC956}.Release|Any CPU.Build.0 = Release|Any CPU
		{00AFE926-6012-4D70-9E97-6F2AE6D8C233}.Debug|Any CPU.ActiveCfg = Debug|Any CPU
		{00AFE926-6012-4D70-9E97-6F2AE6D8C233}.Debug|Any CPU.Build.0 = Debug|Any CPU
		{00AFE926-6012-4D70-9E97-6F2AE6D8C233}.Release|Any CPU.ActiveCfg = Release|Any CPU
		{00AFE926-6012-4D70-9E97-6F2AE6D8C233}.Release|Any CPU.Build.0 = Release|Any CPU
	EndGlobalSection
	GlobalSection(SolutionProperties) = preSolution
		HideSolutionNode = FALSE
	EndGlobalSection
	GlobalSection(ExtensibilityGlobals) = postSolution
		SolutionGuid = {C109C38F-FCA4-40C7-8D4E-EAFF0FCF7665}
	EndGlobalSection
EndGlobal
